
Microsoft Visual Studio Solution File, Format Version 12.00
# Visual Studio Version 17
VisualStudioVersion = 17.10.35027.167
MinimumVisualStudioVersion = 10.0.40219.1
Project("{9A19103F-16F7-4668-BE54-9A1E7A4F7556}") = "Annulaire_Serveur", "Annulaire_Serveur.csproj", "{4AA4FC2A-D47E-4B28-8577-4662E99ACA89}"
EndProject
Global
	GlobalSection(SolutionConfigurationPlatforms) = preSolution
		Debug|Any CPU = Debug|Any CPU
		Release|Any CPU = Release|Any CPU
	EndGlobalSection
	GlobalSection(ProjectConfigurationPlatforms) = postSolution
		{4AA4FC2A-D47E-4B28-8577-4662E99ACA89}.Debug|Any CPU.ActiveCfg = Debug|Any CPU
		{4AA4FC2A-D47E-4B28-8577-4662E99ACA89}.Debug|Any CPU.Build.0 = Debug|Any CPU
		{4AA4FC2A-D47E-4B28-8577-4662E99ACA89}.Release|Any CPU.ActiveCfg = Release|Any CPU
		{4AA4FC2A-D47E-4B28-8577-4662E99ACA89}.Release|Any CPU.Build.0 = Release|Any CPU
	EndGlobalSection
	GlobalSection(SolutionProperties) = preSolution
		HideSolutionNode = FALSE
	EndGlobalSection
	GlobalSection(ExtensibilityGlobals) = postSolution
		SolutionGuid = {66183145-661D-4350-8EF6-EC3004F183A5}
	EndGlobalSection
EndGlobal
